
Microsoft Visual Studio Solution File, Format Version 12.00
# Visual Studio 15
VisualStudioVersion = 15.0.27428.2043
MinimumVisualStudioVersion = 10.0.40219.1
Project("{FAE04EC0-301F-11D3-BF4B-00C04F79EFBC}") = "ListOfDeal", "ListOfDeal\ListOfDeal.csproj", "{57471358-1392-4B12-808E-FB44D976F16D}"
EndProject
Project("{FAE04EC0-301F-11D3-BF4B-00C04F79EFBC}") = "WlConnectionLibrary", "WLConnector\WlConnectionLibrary.csproj", "{5E4CA4C5-CCEC-45EF-BBD1-66018A581AA5}"
EndProject
Project("{FAE04EC0-301F-11D3-BF4B-00C04F79EFBC}") = "BackupWL", "BackupWL\BackupWL.csproj", "{F3DF3B7E-2900-418B-B611-E9B315FF8EA3}"
EndProject
Global
	GlobalSection(SolutionConfigurationPlatforms) = preSolution
		Debug|Any CPU = Debug|Any CPU
		DebugTest|Any CPU = DebugTest|Any CPU
		Release|Any CPU = Release|Any CPU
	EndGlobalSection
	GlobalSection(ProjectConfigurationPlatforms) = postSolution
		{57471358-1392-4B12-808E-FB44D976F16D}.Debug|Any CPU.ActiveCfg = Debug|Any CPU
		{57471358-1392-4B12-808E-FB44D976F16D}.Debug|Any CPU.Build.0 = Debug|Any CPU
		{57471358-1392-4B12-808E-FB44D976F16D}.DebugTest|Any CPU.ActiveCfg = DebugTest|Any CPU
		{57471358-1392-4B12-808E-FB44D976F16D}.DebugTest|Any CPU.Build.0 = DebugTest|Any CPU
		{57471358-1392-4B12-808E-FB44D976F16D}.Release|Any CPU.ActiveCfg = Release|Any CPU
		{57471358-1392-4B12-808E-FB44D976F16D}.Release|Any CPU.Build.0 = Release|Any CPU
		{5E4CA4C5-CCEC-45EF-BBD1-66018A581AA5}.Debug|Any CPU.ActiveCfg = Debug|Any CPU
		{5E4CA4C5-CCEC-45EF-BBD1-66018A581AA5}.Debug|Any CPU.Build.0 = Debug|Any CPU
		{5E4CA4C5-CCEC-45EF-BBD1-66018A581AA5}.DebugTest|Any CPU.ActiveCfg = Debug|Any CPU
		{5E4CA4C5-CCEC-45EF-BBD1-66018A581AA5}.DebugTest|Any CPU.Build.0 = Debug|Any CPU
		{5E4CA4C5-CCEC-45EF-BBD1-66018A581AA5}.Release|Any CPU.ActiveCfg = Release|Any CPU
		{5E4CA4C5-CCEC-45EF-BBD1-66018A581AA5}.Release|Any CPU.Build.0 = Release|Any CPU
		{F3DF3B7E-2900-418B-B611-E9B315FF8EA3}.Debug|Any CPU.ActiveCfg = Debug|Any CPU
		{F3DF3B7E-2900-418B-B611-E9B315FF8EA3}.Debug|Any CPU.Build.0 = Debug|Any CPU
		{F3DF3B7E-2900-418B-B611-E9B315FF8EA3}.DebugTest|Any CPU.ActiveCfg = Debug|Any CPU
		{F3DF3B7E-2900-418B-B611-E9B315FF8EA3}.DebugTest|Any CPU.Build.0 = Debug|Any CPU
		{F3DF3B7E-2900-418B-B611-E9B315FF8EA3}.Release|Any CPU.ActiveCfg = Release|Any CPU
		{F3DF3B7E-2900-418B-B611-E9B315FF8EA3}.Release|Any CPU.Build.0 = Release|Any CPU
	EndGlobalSection
	GlobalSection(SolutionProperties) = preSolution
		HideSolutionNode = FALSE
	EndGlobalSection
	GlobalSection(ExtensibilityGlobals) = postSolution
		SolutionGuid = {ECC90505-D5B4-48CD-AD81-12EA8E247A71}
	EndGlobalSection
EndGlobal
